
Microsoft Visual Studio Solution File, Format Version 12.00
# Visual Studio Version 18
VisualStudioVersion = 18.3.11520.95 d18.3
MinimumVisualStudioVersion = 10.0.40219.1
Project("{FAE04EC0-301F-11D3-BF4B-00C04F79EFBC}") = "REBUSS.GitDaif.McpDiffServer", "REBUSS.GitDaif.McpDiffServer\REBUSS.GitDaif.McpDiffServer.csproj", "{7F8E95D1-1DD3-D9BD-CE3A-7BC7D086A271}"
EndProject
Project("{FAE04EC0-301F-11D3-BF4B-00C04F79EFBC}") = "REBUSS.GitDaif.McpDiffServer.Tests", "REBUSS.GitDaif.McpDiffServer.Tests\REBUSS.GitDaif.McpDiffServer.Tests.csproj", "{B7FAB83A-F500-B478-5061-2AFA7DD3400F}"
EndProject
Global
	GlobalSection(SolutionConfigurationPlatforms) = preSolution
		Debug|Any CPU = Debug|Any CPU
		Release|Any CPU = Release|Any CPU
	EndGlobalSection
	GlobalSection(ProjectConfigurationPlatforms) = postSolution
		{7F8E95D1-1DD3-D9BD-CE3A-7BC7D086A271}.Debug|Any CPU.ActiveCfg = Debug|Any CPU
		{7F8E95D1-1DD3-D9BD-CE3A-7BC7D086A271}.Debug|Any CPU.Build.0 = Debug|Any CPU
		{7F8E95D1-1DD3-D9BD-CE3A-7BC7D086A271}.Release|Any CPU.ActiveCfg = Release|Any CPU
		{7F8E95D1-1DD3-D9BD-CE3A-7BC7D086A271}.Release|Any CPU.Build.0 = Release|Any CPU
		{B7FAB83A-F500-B478-5061-2AFA7DD3400F}.Debug|Any CPU.ActiveCfg = Debug|Any CPU
		{B7FAB83A-F500-B478-5061-2AFA7DD3400F}.Debug|Any CPU.Build.0 = Debug|Any CPU
		{B7FAB83A-F500-B478-5061-2AFA7DD3400F}.Release|Any CPU.ActiveCfg = Release|Any CPU
		{B7FAB83A-F500-B478-5061-2AFA7DD3400F}.Release|Any CPU.Build.0 = Release|Any CPU
	EndGlobalSection
	GlobalSection(SolutionProperties) = preSolution
		HideSolutionNode = FALSE
	EndGlobalSection
	GlobalSection(ExtensibilityGlobals) = postSolution
		SolutionGuid = {2CAB15A2-A9C1-414F-B8C6-231677126B27}
	EndGlobalSection
EndGlobal
